
Microsoft Visual Studio Solution File, Format Version 12.00
# Visual Studio Version 17
VisualStudioVersion = 17.7.34018.315
MinimumVisualStudioVersion = 10.0.40219.1
Project("{FAE04EC0-301F-11D3-BF4B-00C04F79EFBC}") = "Logica", "Logica\Logica.csproj", "{1B242EE6-5B68-49C1-8333-2E17D8B0AB4F}"
EndProject
Global
	GlobalSection(SolutionConfigurationPlatforms) = preSolution
		Debug|Any CPU = Debug|Any CPU
		Release|Any CPU = Release|Any CPU
	EndGlobalSection
	GlobalSection(ProjectConfigurationPlatforms) = postSolution
		{1B242EE6-5B68-49C1-8333-2E17D8B0AB4F}.Debug|Any CPU.ActiveCfg = Debug|Any CPU
		{1B242EE6-5B68-49C1-8333-2E17D8B0AB4F}.Debug|Any CPU.Build.0 = Debug|Any CPU
		{1B242EE6-5B68-49C1-8333-2E17D8B0AB4F}.Release|Any CPU.ActiveCfg = Release|Any CPU
		{1B242EE6-5B68-49C1-8333-2E17D8B0AB4F}.Release|Any CPU.Build.0 = Release|Any CPU
	EndGlobalSection
	GlobalSection(SolutionProperties) = preSolution
		HideSolutionNode = FALSE
	EndGlobalSection
	GlobalSection(ExtensibilityGlobals) = postSolution
		SolutionGuid = {662D6C0B-BA8E-4D57-924A-E1946D79C831}
	EndGlobalSection
EndGlobal
